
Microsoft Visual Studio Solution File, Format Version 12.00
# Visual Studio Version 17
VisualStudioVersion = 17.4.33213.308
MinimumVisualStudioVersion = 10.0.40219.1
Project("{FAE04EC0-301F-11D3-BF4B-00C04F79EFBC}") = "NewStoreFront.UI.MVC", "NewStoreFront.UI.MVC\NewStoreFront.UI.MVC.csproj", "{36310053-830A-4A0F-ADAA-14650CC334F8}"
EndProject
Project("{FAE04EC0-301F-11D3-BF4B-00C04F79EFBC}") = "NewStoreFront.DATA.EF", "NewStoreFront.DATA.EF\NewStoreFront.DATA.EF.csproj", "{15B6C4ED-A3CB-4A3A-9781-CE33371721DF}"
EndProject
Global
	GlobalSection(SolutionConfigurationPlatforms) = preSolution
		Debug|Any CPU = Debug|Any CPU
		Release|Any CPU = Release|Any CPU
	EndGlobalSection
	GlobalSection(ProjectConfigurationPlatforms) = postSolution
		{36310053-830A-4A0F-ADAA-14650CC334F8}.Debug|Any CPU.ActiveCfg = Debug|Any CPU
		{36310053-830A-4A0F-ADAA-14650CC334F8}.Debug|Any CPU.Build.0 = Debug|Any CPU
		{36310053-830A-4A0F-ADAA-14650CC334F8}.Release|Any CPU.ActiveCfg = Release|Any CPU
		{36310053-830A-4A0F-ADAA-14650CC334F8}.Release|Any CPU.Build.0 = Release|Any CPU
		{15B6C4ED-A3CB-4A3A-9781-CE33371721DF}.Debug|Any CPU.ActiveCfg = Debug|Any CPU
		{15B6C4ED-A3CB-4A3A-9781-CE33371721DF}.Debug|Any CPU.Build.0 = Debug|Any CPU
		{15B6C4ED-A3CB-4A3A-9781-CE33371721DF}.Release|Any CPU.ActiveCfg = Release|Any CPU
		{15B6C4ED-A3CB-4A3A-9781-CE33371721DF}.Release|Any CPU.Build.0 = Release|Any CPU
	EndGlobalSection
	GlobalSection(SolutionProperties) = preSolution
		HideSolutionNode = FALSE
	EndGlobalSection
	GlobalSection(ExtensibilityGlobals) = postSolution
		SolutionGuid = {1679EADC-FAE4-47EB-8AB7-E17054C6018F}
	EndGlobalSection
EndGlobal
